
Microsoft Visual Studio Solution File, Format Version 12.00
# Visual Studio 2013
VisualStudioVersion = 12.0.40629.0
MinimumVisualStudioVersion = 10.0.40219.1
Project("{FAE04EC0-301F-11D3-BF4B-00C04F79EFBC}") = "ChatServer", "ChatServer\ChatServer.csproj", "{FF93B28C-7FDF-4102-A416-A2DF53666023}"
EndProject
Project("{FAE04EC0-301F-11D3-BF4B-00C04F79EFBC}") = "ChatClient", "ChatClient\ChatClient.csproj", "{FFB28402-BE61-432F-8F68-6BDEF9CD3F75}"
EndProject
Project("{2150E333-8FDC-42A3-9474-1A3956D46DE8}") = "TodoList", "TodoList", "{04AE4215-C9AA-48F9-B9EF-F7285D27C040}"
	ProjectSection(SolutionItems) = preProject
		TodoList.txt = TodoList.txt
	EndProjectSection
EndProject
Global
	GlobalSection(SolutionConfigurationPlatforms) = preSolution
		Debug|Any CPU = Debug|Any CPU
		Release|Any CPU = Release|Any CPU
	EndGlobalSection
	GlobalSection(ProjectConfigurationPlatforms) = postSolution
		{FF93B28C-7FDF-4102-A416-A2DF53666023}.Debug|Any CPU.ActiveCfg = Debug|Any CPU
		{FF93B28C-7FDF-4102-A416-A2DF53666023}.Debug|Any CPU.Build.0 = Debug|Any CPU
		{FF93B28C-7FDF-4102-A416-A2DF53666023}.Release|Any CPU.ActiveCfg = Release|Any CPU
		{FF93B28C-7FDF-4102-A416-A2DF53666023}.Release|Any CPU.Build.0 = Release|Any CPU
		{FFB28402-BE61-432F-8F68-6BDEF9CD3F75}.Debug|Any CPU.ActiveCfg = Debug|Any CPU
		{FFB28402-BE61-432F-8F68-6BDEF9CD3F75}.Debug|Any CPU.Build.0 = Debug|Any CPU
		{FFB28402-BE61-432F-8F68-6BDEF9CD3F75}.Release|Any CPU.ActiveCfg = Release|Any CPU
		{FFB28402-BE61-432F-8F68-6BDEF9CD3F75}.Release|Any CPU.Build.0 = Release|Any CPU
	EndGlobalSection
	GlobalSection(SolutionProperties) = preSolution
		HideSolutionNode = FALSE
	EndGlobalSection
EndGlobal
